// !$*UTF8*$!
{
	archiveVersion = 1;
	classes = {
	};
	objectVersion = 46;
	objects = {

/* Begin PBXBuildFile section */
		D4EE07A11BCFF11F0072A624 /* AppDelegate.swift in Sources */ = {isa = PBXBuildFile; fileRef = D4EE07A01BCFF11F0072A624 /* AppDelegate.swift */; };
		D4EE07A31BCFF11F0072A624 /* ViewController.swift in Sources */ = {isa = PBXBuildFile; fileRef = D4EE07A21BCFF11F0072A624 /* ViewController.swift */; };
		D4EE07A61BCFF11F0072A624 /* Main.storyboard in Resources */ = {isa = PBXBuildFile; fileRef = D4EE07A41BCFF11F0072A624 /* Main.storyboard */; };
		D4EE07A81BCFF11F0072A624 /* Assets.xcassets in Resources */ = {isa = PBXBuildFile; fileRef = D4EE07A71BCFF11F0072A624 /* Assets.xcassets */; };
		D4EE07AB1BCFF11F0072A624 /* LaunchScreen.storyboard in Resources */ = {isa = PBXBuildFile; fileRef = D4EE07A91BCFF11F0072A624 /* LaunchScreen.storyboard */; };
		D4EE07B41BCFF1C30072A624 /* Tiovivo.swift in Sources */ = {isa = PBXBuildFile; fileRef = D4EE07B31BCFF1C30072A624 /* Tiovivo.swift */; settings = {ASSET_TAGS = (); }; };
/* End PBXBuildFile section */

/* Begin PBXFileReference section */
		D4EE079D1BCFF11F0072A624 /* Tiovivo.app */ = {isa = PBXFileReference; explicitFileType = wrapper.application; includeInIndex = 0; path = Tiovivo.app; sourceTree = BUILT_PRODUCTS_DIR; };
		D4EE07A01BCFF11F0072A624 /* AppDelegate.swift */ = {isa = PBXFileReference; lastKnownFileType = sourcecode.swift; path = AppDelegate.swift; sourceTree = "<group>"; };
		D4EE07A21BCFF11F0072A624 /* ViewController.swift */ = {isa = PBXFileReference; lastKnownFileType = sourcecode.swift; path = ViewController.swift; sourceTree = "<group>"; };
		D4EE07A51BCFF11F0072A624 /* Base */ = {isa = PBXFileReference; lastKnownFileType = file.storyboard; name = Base; path = Base.lproj/Main.storyboard; sourceTree = "<group>"; };
		D4EE07A71BCFF11F0072A624 /* Assets.xcassets */ = {isa = PBXFileReference; lastKnownFileType = folder.assetcatalog; path = Assets.xcassets; sourceTree = "<group>"; };
		D4EE07AA1BCFF11F0072A624 /* Base */ = {isa = PBXFileReference; lastKnownFileType = file.storyboard; name = Base; path = Base.lproj/LaunchScreen.storyboard; sourceTree = "<group>"; };
		D4EE07AC1BCFF11F0072A624 /* Info.plist */ = {isa = PBXFileReference; lastKnownFileType = text.plist.xml; path = Info.plist; sourceTree = "<group>"; };
		D4EE07B31BCFF1C30072A624 /* Tiovivo.swift */ = {isa = PBXFileReference; fileEncoding = 4; lastKnownFileType = sourcecode.swift; path = Tiovivo.swift; sourceTree = "<group>"; };
/* End PBXFileReference section */

/* Begin PBXFrameworksBuildPhase section */
		D4EE079A1BCFF11F0072A624 /* Frameworks */ = {
			isa = PBXFrameworksBuildPhase;
			buildActionMask = 2147483647;
			files = (
			);
			runOnlyForDeploymentPostprocessing = 0;
		};
/* End PBXFrameworksBuildPhase section */

/* Begin PBXGroup section */
		D4EE07941BCFF11F0072A624 = {
			isa = PBXGroup;
			children = (
				D4EE07B21BCFF1B40072A624 /* Tiovivo */,
				D4EE079F1BCFF11F0072A624 /* Demo */,
				D4EE079E1BCFF11F0072A624 /* Products */,
			);
			sourceTree = "<group>";
		};
		D4EE079E1BCFF11F0072A624 /* Products */ = {
			isa = PBXGroup;
			children = (
				D4EE079D1BCFF11F0072A624 /* Tiovivo.app */,
			);
			name = Products;
			sourceTree = "<group>";
		};
		D4EE079F1BCFF11F0072A624 /* Demo */ = {
			isa = PBXGroup;
			children = (
				D4EE07A01BCFF11F0072A624 /* AppDelegate.swift */,
				D4EE07A21BCFF11F0072A624 /* ViewController.swift */,
				D4EE07A41BCFF11F0072A624 /* Main.storyboard */,
				D4EE07A71BCFF11F0072A624 /* Assets.xcassets */,
				D4EE07A91BCFF11F0072A624 /* LaunchScreen.storyboard */,
				D4EE07AC1BCFF11F0072A624 /* Info.plist */,
			);
			name = Demo;
			path = Tiovivo;
			sourceTree = "<group>";
		};
		D4EE07B21BCFF1B40072A624 /* Tiovivo */ = {
			isa = PBXGroup;
			children = (
				D4EE07B31BCFF1C30072A624 /* Tiovivo.swift */,
			);
			name = Tiovivo;
			sourceTree = "<group>";
		};
/* End PBXGroup section */

/* Begin PBXNativeTarget section */
		D4EE079C1BCFF11F0072A624 /* Tiovivo */ = {
			isa = PBXNativeTarget;
			buildConfigurationList = D4EE07AF1BCFF11F0072A624 /* Build configuration list for PBXNativeTarget "Tiovivo" */;
			buildPhases = (
				D4EE07991BCFF11F0072A624 /* Sources */,
				D4EE079A1BCFF11F0072A624 /* Frameworks */,
				D4EE079B1BCFF11F0072A624 /* Resources */,
			);
			buildRules = (
			);
			dependencies = (
			);
			name = Tiovivo;
			productName = Tiovivo;
			productReference = D4EE079D1BCFF11F0072A624 /* Tiovivo.app */;
			productType = "com.apple.product-type.application";
		};
/* End PBXNativeTarget section */

/* Begin PBXProject section */
		D4EE07951BCFF11F0072A624 /* Project object */ = {
			isa = PBXProject;
			attributes = {
				LastUpgradeCheck = 0700;
				ORGANIZATIONNAME = "Francisco Díaz";
				TargetAttributes = {
					D4EE079C1BCFF11F0072A624 = {
						CreatedOnToolsVersion = 7.0;
					};
				};
			};
			buildConfigurationList = D4EE07981BCFF11F0072A624 /* Build configuration list for PBXProject "Tiovivo" */;
			compatibilityVersion = "Xcode 3.2";
			developmentRegion = English;
			hasScannedForEncodings = 0;
			knownRegions = (
				en,
				Base,
			);
			mainGroup = D4EE07941BCFF11F0072A624;
			productRefGroup = D4EE079E1BCFF11F0072A624 /* Products */;
			projectDirPath = "";
			projectRoot = "";
			targets = (
				D4EE079C1BCFF11F0072A624 /* Tiovivo */,
			);
		};
/* End PBXProject section */

/* Begin PBXResourcesBuildPhase section */
		D4EE079B1BCFF11F0072A624 /* Resources */ = {
			isa = PBXResourcesBuildPhase;
			buildActionMask = 2147483647;
			files = (
				D4EE07AB1BCFF11F0072A624 /* LaunchScreen.storyboard in Resources */,
				D4EE07A81BCFF11F0072A624 /* Assets.xcassets in Resources */,
				D4EE07A61BCFF11F0072A624 /* Main.storyboard in Resources */,
			);
			runOnlyForDeploymentPostprocessing = 0;
		};
/* End PBXResourcesBuildPhase section */

/* Begin PBXSourcesBuildPhase section */
		D4EE07991BCFF11F0072A624 /* Sources */ = {
			isa = PBXSourcesBuildPhase;
			buildActionMask = 2147483647;
			files = (
				D4EE07B41BCFF1C30072A624 /* Tiovivo.swift in Sources */,
				D4EE07A31BCFF11F0072A624 /* ViewController.swift in Sources */,
				D4EE07A11BCFF11F0072A624 /* AppDelegate.swift in Sources */,
			);
			runOnlyForDeploymentPostprocessing = 0;
		};
/* End PBXSourcesBuildPhase section */

/* Begin PBXVariantGroup section */
		D4EE07A41BCFF11F0072A624 /* Main.storyboard */ = {
			isa = PBXVariantGroup;
			children = (
				D4EE07A51BCFF11F0072A624 /* Base */,
			);
			name = Main.storyboard;
			sourceTree = "<group>";
		};
		D4EE07A91BCFF11F0072A624 /* LaunchScreen.storyboard */ = {
			isa = PBXVariantGroup;
			children = (
				D4EE07AA1BCFF11F0072A624 /* Base */,
			);
			name = LaunchScreen.storyboard;
			sourceTree = "<group>";
		};
/* End PBXVariantGroup section */

/* Begin XCBuildConfiguration section */
		D4EE07AD1BCFF11F0072A624 /* Debug */ = {
			isa = XCBuildConfiguration;
			buildSettings = {
				ALWAYS_SEARCH_USER_PATHS = NO;
				CLANG_CXX_LANGUAGE_STANDARD = "gnu++0x";
				CLANG_CXX_LIBRARY = "libc++";
				CLANG_ENABLE_MODULES = YES;
				CLANG_ENABLE_OBJC_ARC = YES;
				CLANG_WARN_BOOL_CONVERSION = YES;
				CLANG_WARN_CONSTANT_CONVERSION = YES;
				CLANG_WARN_DIRECT_OBJC_ISA_USAGE = YES_ERROR;
				CLANG_WARN_EMPTY_BODY = YES;
				CLANG_WARN_ENUM_CONVERSION = YES;
				CLANG_WARN_INT_CONVERSION = YES;
				CLANG_WARN_OBJC_ROOT_CLASS = YES_ERROR;
				CLANG_WARN_UNREACHABLE_CODE = YES;
				CLANG_WARN__DUPLICATE_METHOD_MATCH = YES;
				"CODE_SIGN_IDENTITY[sdk=iphoneos*]" = "iPhone Developer";
				COPY_PHASE_STRIP = NO;
				DEBUG_INFORMATION_FORMAT = dwarf;
				ENABLE_STRICT_OBJC_MSGSEND = YES;
				ENABLE_TESTABILITY = YES;
				GCC_C_LANGUAGE_STANDARD = gnu99;
				GCC_DYNAMIC_NO_PIC = NO;
				GCC_NO_COMMON_BLOCKS = YES;
				GCC_OPTIMIZATION_LEVEL = 0;
				GCC_PREPROCESSOR_DEFINITIONS = (
					"DEBUG=1",
					"$(inherited)",
				);
				GCC_WARN_64_TO_32_BIT_CONVERSION = YES;
				GCC_WARN_ABOUT_RETURN_TYPE = YES_ERROR;
				GCC_WARN_UNDECLARED_SELECTOR = YES;
				GCC_WARN_UNINITIALIZED_AUTOS = YES_AGGRESSIVE;
				GCC_WARN_UNUSED_FUNCTION = YES;
				GCC_WARN_UNUSED_VARIABLE = YES;
				IPHONEOS_DEPLOYMENT_TARGET = 9.0;
				MTL_ENABLE_DEBUG_INFO = YES;
				ONLY_ACTIVE_ARCH = YES;
				SDKROOT = iphoneos;
				SWIFT_OPTIMIZATION_LEVEL = "-Onone";
				TARGETED_DEVICE_FAMILY = "1,2";
			};
			name = Debug;
		};
		D4EE07AE1BCFF11F0072A624 /* Release */ = {
			isa = XCBuildConfiguration;
			buildSettings = {
				ALWAYS_SEARCH_USER_PATHS = NO;
				CLANG_CXX_LANGUAGE_STANDARD = "gnu++0x";
				CLANG_CXX_LIBRARY = "libc++";
				CLANG_ENABLE_MODULES = YES;
				CLANG_ENABLE_OBJC_ARC = YES;
				CLANG_WARN_BOOL_CONVERSION = YES;
				CLANG_WARN_CONSTANT_CONVERSION = YES;
				CLANG_WARN_DIRECT_OBJC_ISA_USAGE = YES_ERROR;
				CLANG_WARN_EMPTY_BODY = YES;
				CLANG_WARN_ENUM_CONVERSION = YES;
				CLANG_WARN_INT_CONVERSION = YES;
				CLANG_WARN_OBJC_ROOT_CLASS = YES_ERROR;
				CLANG_WARN_UNREACHABLE_CODE = YES;
				CLANG_WARN__DUPLICATE_METHOD_MATCH = YES;
				"CODE_SIGN_IDENTITY[sdk=iphoneos*]" = "iPhone Developer";
				COPY_PHASE_STRIP = NO;
				DEBUG_INFORMATION_FORMAT = "dwarf-with-dsym";
				ENABLE_NS_ASSERTIONS = NO;
				ENABLE_STRICT_OBJC_MSGSEND = YES;
				GCC_C_LANGUAGE_STANDARD = gnu99;
				GCC_NO_COMMON_BLOCKS = YES;
				GCC_WARN_64_TO_32_BIT_CONVERSION = YES;
				GCC_WARN_ABOUT_RETURN_TYPE = YES_ERROR;
				GCC_WARN_UNDECLARED_SELECTOR = YES;
				GCC_WARN_UNINITIALIZED_AUTOS = YES_AGGRESSIVE;
				GCC_WARN_UNUSED_FUNCTION = YES;
				GCC_WARN_UNUSED_VARIABLE = YES;
				IPHONEOS_DEPLOYMENT_TARGET = 9.0;
				MTL_ENABLE_DEBUG_INFO = NO;
				SDKROOT = iphoneos;
				TARGETED_DEVICE_FAMILY = "1,2";
				VALIDATE_PRODUCT = YES;
			};
			name = Release;
		};
		D4EE07B01BCFF11F0072A624 /* Debug */ = {
			isa = XCBuildConfiguration;
			buildSettings = {
				ASSETCATALOG_COMPILER_APPICON_NAME = AppIcon;
				INFOPLIST_FILE = Tiovivo/Info.plist;
				LD_RUNPATH_SEARCH_PATHS = "$(inherited) @executable_path/Frameworks";
				PRODUCT_BUNDLE_IDENTIFIER = fdiaz.Tiovivo;
				PRODUCT_NAME = "$(TARGET_NAME)";
			};
			name = Debug;
		};
		D4EE07B11BCFF11F0072A624 /* Release */ = {
			isa = XCBuildConfiguration;
			buildSettings = {
				ASSETCATALOG_COMPILER_APPICON_NAME = AppIcon;
				INFOPLIST_FILE = Tiovivo/Info.plist;
				LD_RUNPATH_SEARCH_PATHS = "$(inherited) @executable_path/Frameworks";
				PRODUCT_BUNDLE_IDENTIFIER = fdiaz.Tiovivo;
				PRODUCT_NAME = "$(TARGET_NAME)";
			};
			name = Release;
		};
/* End XCBuildConfiguration section */

/* Begin XCConfigurationList section */
		D4EE07981BCFF11F0072A624 /* Build configuration list for PBXProject "Tiovivo" */ = {
			isa = XCConfigurationList;
			buildConfigurations = (
				D4EE07AD1BCFF11F0072A624 /* Debug */,
				D4EE07AE1BCFF11F0072A624 /* Release */,
			);
			defaultConfigurationIsVisible = 0;
			defaultConfigurationName = Release;
		};
		D4EE07AF1BCFF11F0072A624 /* Build configuration list for PBXNativeTarget "Tiovivo" */ = {
			isa = XCConfigurationList;
			buildConfigurations = (
				D4EE07B01BCFF11F0072A624 /* Debug */,
				D4EE07B11BCFF11F0072A624 /* Release */,
			);
			defaultConfigurationIsVisible = 0;
		};
/* End XCConfigurationList section */
	};
	rootObject = D4EE07951BCFF11F0072A624 /* Project object */;
}
